# This file was autogenerated by Stack.
# You should not edit this file by hand.
# For more information, please see the documentation at:
#   https://docs.haskellstack.org/en/stable/lock_files

packages:
- completed:
    hackage: aws-lambda-haskell-runtime-3.0.5@sha256:3bbb01d7f13a614c6abac697d48cfd3e55513acd1d127c77a780dc4debf22950,2938
    pantry-tree:
      size: 1560
      sha256: 574d75a01951f27e31c2eb2758d5a47a30353d9df9ba4852d64f2e0d04e4b258
  original:
    hackage: aws-lambda-haskell-runtime-3.0.5
- completed:
    hackage: amazonka-1.6.1@sha256:f58b63e83876f93aa03c54e54b3eb8ba9358af93819d41f4a5a8f8b7d8b8399c,3544
    pantry-tree:
      size: 992
      sha256: d792656a70ee42df262a599bc6608bda069e33092d665c3438a6eeeaf7db4fb2
  original:
    hackage: amazonka-1.6.1
- completed:
    hackage: amazonka-dynamodb-1.6.1@sha256:6b8852049c65207a7b3741aafa3e4e6c77cfa115e05de3c74868218ae642b6b0,4459
    pantry-tree:
      size: 8333
      sha256: bd7469b4077272ecf37fe30dcff64c3af0a820b610ca592c172d7fa97d9e6833
  original:
    hackage: amazonka-dynamodb-1.6.1
- completed:
    hackage: amazonka-ssm-1.6.1@sha256:9b1c4673dd4a8f713291fb325c2179daab7cc94a962c8e1fab6968bd572c8148,7854
    pantry-tree:
      size: 25252
      sha256: 14a7382ed189d03aaf35adecece88dfaf6c78829c4fbd16f3db7e0df9f7cb39d
  original:
    hackage: amazonka-ssm-1.6.1
- completed:
    hackage: monad-loops-0.4.3@sha256:ada4f1295ece07f9a7398bc5b40c4532f95a733a8604d2a2f57f05f878766df2,1751
    pantry-tree:
      size: 243
      sha256: c8d919cbf7cda1c8551534cb17844c56cbfcbf1b18667b1a0700b97c87ff5059
  original:
    hackage: monad-loops-0.4.3
- completed:
    hackage: random-strings-0.1.1.0@sha256:935a7a23dab45411960df77636a29b44ce42b89eeb15f2b1e809d771491fa677,2517
    pantry-tree:
      size: 663
      sha256: 5a382966fdd8d5220b5791f3bff6db00d2ea29235e2716dadd52461b8a8beb97
  original:
    hackage: random-strings-0.1.1.0
- completed:
    hackage: HUnit-1.6.0.0@sha256:8014b27c884becd8041214a1ab263fa92244ca62700a911aff604a1047869298,1570
    pantry-tree:
      size: 878
      sha256: 270a6f8d6ef23eba3a9a1697aa244576abb168d10cb8e4736cf4add2b09eb650
  original:
    hackage: HUnit-1.6.0.0
- completed:
    hackage: test-framework-0.8.2.0@sha256:065a1a6f5d43cee0c01c9d7f1a9539c62661a91012c6314db31fbed1a512e9a1,6395
    pantry-tree:
      size: 2050
      sha256: 293bf84cc593f464d307c938e772455d0dbbef44baf0624d98e24f4910612702
  original:
    hackage: test-framework-0.8.2.0
- completed:
    hackage: test-framework-hunit-0.3.0.2@sha256:7fd007e9cb082cd64a2213a6d36acf057f7d6df6b5343a088e81b2b3a9a23545,1487
    pantry-tree:
      size: 239
      sha256: 355897b03e0320296f207350f8c8aba4071b673021aef726bac27e3ad0bbb2cc
  original:
    hackage: test-framework-hunit-0.3.0.2
- completed:
    hackage: http-types-0.12.3@sha256:f35229edb1bc7b3ae27f961b2407dadb5bfa69d43a8f5337ab46cdc79ca4afe9,2035
    pantry-tree:
      size: 833
      sha256: c9b77e1ba204fffbe4e1be80412bc48e47440a07e4b7db4cdc77d573a3e21b9a
  original:
    hackage: http-types-0.12.3
- completed:
    hackage: wreq-0.5.3.2@sha256:eb1d848e983a1d1b8960c28840b55e56d8b3d760e9d014b5d9d018b13439e63f,5570
    pantry-tree:
      size: 2423
      sha256: 30d7ad14313cbb3b2efa18665c50853b71941253ce6d182e30a1c11e35c01141
  original:
    hackage: wreq-0.5.3.2
- completed:
    hackage: HsOpenSSL-0.11.4.20@sha256:b88bd010ef07db2f7109b53bee08476c00c9d5b9d01005f0b44477f7eb3ec74d,6091
    pantry-tree:
      size: 3287
      sha256: 9b403d61ef40e8362e8968db16fb46d597bfac6d7ee7c139ff975af06027b6bd
  original:
    hackage: HsOpenSSL-0.11.4.20
- completed:
    hackage: http-client-openssl-0.3.1.0@sha256:423d74b93d5b2a79991340da8d2cd8fccd496fb470483bad8c73857200509e4e,1494
    pantry-tree:
      size: 387
      sha256: 04e5fcd7727bfbe7bd53657d9af48abf39869fc609ba4ed9effd2b6d428aca94
  original:
    hackage: http-client-openssl-0.3.1.0
- completed:
    hackage: req-3.7.0@sha256:b966ca9522a31645c1725e0e539375499e2969bf8ce24316860e23df9f9351aa,3711
    pantry-tree:
      size: 712
      sha256: 03902148991532fb90074630774a21ab481391204cc75c4a94713f07eb3d3f7c
  original:
    hackage: req-3.7.0
- completed:
    hackage: http-client-0.6.4.1@sha256:ea569e3ebc00e7bb68162fbdf85aa63e653b974eaff63df7b972e4296687e25c,5322
    pantry-tree:
      size: 2458
      sha256: 8e6ebf17ad06cca8bdab0c2ceda13ed41dea0d793f1930f90f0542f9c66afff1
  original:
    hackage: http-client-0.6.4.1
- completed:
    hackage: http-api-data-0.4.2@sha256:63c8c2bb00929db203b2c2829029e7b4701a939e509cde9b0ba77f5d1b811bc6,3747
    pantry-tree:
      size: 887
      sha256: 099401ed4cb3edc0da839bdc5dc508b4ad09895e9fcca01ed636c65bc3beabc7
  original:
    hackage: http-api-data-0.4.2
snapshots:
- completed:
    size: 496120
    url: https://raw.githubusercontent.com/commercialhaskell/stackage-snapshots/master/lts/15/16.yaml
    sha256: cf30623a2c147f51eecc8f9d6440f5d1b671af21380505e633faff32b565f3d5
  original: lts-15.16
