# This file was autogenerated by Stack.
# You should not edit this file by hand.
# For more information, please see the documentation at:
#   https://docs.haskellstack.org/en/stable/lock_files

packages:
- completed:
    hackage: aws-lambda-haskell-runtime-3.0.0@sha256:1de27f1a3bdb85da3ebbc8a4f424c70fc72015c25cd22b13b79f4fa8dace30ff,3015
    pantry-tree:
      size: 1560
      sha256: ce4852719b9a5e22d4d050b2e55a3e8b93a411e1ecf97d3a87ee46c705262f00
  original:
    hackage: aws-lambda-haskell-runtime-3.0.0
- completed:
    hackage: amazonka-1.6.1@sha256:f58b63e83876f93aa03c54e54b3eb8ba9358af93819d41f4a5a8f8b7d8b8399c,3544
    pantry-tree:
      size: 992
      sha256: d792656a70ee42df262a599bc6608bda069e33092d665c3438a6eeeaf7db4fb2
  original:
    hackage: amazonka-1.6.1
- completed:
    hackage: amazonka-dynamodb-1.6.1@sha256:6b8852049c65207a7b3741aafa3e4e6c77cfa115e05de3c74868218ae642b6b0,4459
    pantry-tree:
      size: 8333
      sha256: bd7469b4077272ecf37fe30dcff64c3af0a820b610ca592c172d7fa97d9e6833
  original:
    hackage: amazonka-dynamodb-1.6.1
- completed:
    hackage: random-strings-0.1.1.0@sha256:935a7a23dab45411960df77636a29b44ce42b89eeb15f2b1e809d771491fa677,2517
    pantry-tree:
      size: 663
      sha256: 5a382966fdd8d5220b5791f3bff6db00d2ea29235e2716dadd52461b8a8beb97
  original:
    hackage: random-strings-0.1.1.0
- completed:
    hackage: HUnit-1.6.0.0@sha256:8014b27c884becd8041214a1ab263fa92244ca62700a911aff604a1047869298,1570
    pantry-tree:
      size: 878
      sha256: 270a6f8d6ef23eba3a9a1697aa244576abb168d10cb8e4736cf4add2b09eb650
  original:
    hackage: HUnit-1.6.0.0
- completed:
    hackage: test-framework-0.8.2.0@sha256:065a1a6f5d43cee0c01c9d7f1a9539c62661a91012c6314db31fbed1a512e9a1,6395
    pantry-tree:
      size: 2050
      sha256: 293bf84cc593f464d307c938e772455d0dbbef44baf0624d98e24f4910612702
  original:
    hackage: test-framework-0.8.2.0
- completed:
    hackage: test-framework-hunit-0.3.0.2@sha256:7fd007e9cb082cd64a2213a6d36acf057f7d6df6b5343a088e81b2b3a9a23545,1487
    pantry-tree:
      size: 239
      sha256: 355897b03e0320296f207350f8c8aba4071b673021aef726bac27e3ad0bbb2cc
  original:
    hackage: test-framework-hunit-0.3.0.2
snapshots:
- completed:
    size: 496120
    url: https://raw.githubusercontent.com/commercialhaskell/stackage-snapshots/master/lts/15/16.yaml
    sha256: cf30623a2c147f51eecc8f9d6440f5d1b671af21380505e633faff32b565f3d5
  original: lts-15.16
